
Microsoft Visual Studio Solution File, Format Version 12.00
# Visual Studio Version 17
VisualStudioVersion = 17.9.34607.119
MinimumVisualStudioVersion = 10.0.40219.1
Project("{FAE04EC0-301F-11D3-BF4B-00C04F79EFBC}") = "AutoMotoApp", "AutoMotoApp\AutoMotoApp.csproj", "{329228AE-D701-4A34-B9F6-F2C9362C3D9B}"
EndProject
Global
	GlobalSection(SolutionConfigurationPlatforms) = preSolution
		Debug|Any CPU = Debug|Any CPU
		Release|Any CPU = Release|Any CPU
	EndGlobalSection
	GlobalSection(ProjectConfigurationPlatforms) = postSolution
		{329228AE-D701-4A34-B9F6-F2C9362C3D9B}.Debug|Any CPU.ActiveCfg = Debug|Any CPU
		{329228AE-D701-4A34-B9F6-F2C9362C3D9B}.Debug|Any CPU.Build.0 = Debug|Any CPU
		{329228AE-D701-4A34-B9F6-F2C9362C3D9B}.Release|Any CPU.ActiveCfg = Release|Any CPU
		{329228AE-D701-4A34-B9F6-F2C9362C3D9B}.Release|Any CPU.Build.0 = Release|Any CPU
	EndGlobalSection
	GlobalSection(SolutionProperties) = preSolution
		HideSolutionNode = FALSE
	EndGlobalSection
	GlobalSection(ExtensibilityGlobals) = postSolution
		SolutionGuid = {64CF6973-C5B6-497E-91AB-01B001283C2A}
	EndGlobalSection
EndGlobal
